// !$*UTF8*$!
{
	archiveVersion = 1;
	classes = {
	};
	objectVersion = 50;
	objects = {

/* Begin PBXBuildFile section */
		02E1509923EEE84B00C72700 /* TweetsCellTableViewCell.swift in Sources */ = {isa = PBXBuildFile; fileRef = 02E1509823EEE84B00C72700 /* TweetsCellTableViewCell.swift */; };
		02E1F5FC23ED987C004DCBBE /* AppDelegate.swift in Sources */ = {isa = PBXBuildFile; fileRef = 02E1F5FB23ED987C004DCBBE /* AppDelegate.swift */; };
		02E1F5FE23ED987C004DCBBE /* SceneDelegate.swift in Sources */ = {isa = PBXBuildFile; fileRef = 02E1F5FD23ED987C004DCBBE /* SceneDelegate.swift */; };
		02E1F60323ED987C004DCBBE /* Main.storyboard in Resources */ = {isa = PBXBuildFile; fileRef = 02E1F60123ED987C004DCBBE /* Main.storyboard */; };
		02E1F60523ED9882004DCBBE /* Assets.xcassets in Resources */ = {isa = PBXBuildFile; fileRef = 02E1F60423ED9882004DCBBE /* Assets.xcassets */; };
		02E1F60823ED9882004DCBBE /* LaunchScreen.storyboard in Resources */ = {isa = PBXBuildFile; fileRef = 02E1F60623ED9882004DCBBE /* LaunchScreen.storyboard */; };
		02E1F61023ED9ABC004DCBBE /* MainController.swift in Sources */ = {isa = PBXBuildFile; fileRef = 02E1F60F23ED9ABC004DCBBE /* MainController.swift */; };
		02E1F61423ED9CA6004DCBBE /* structTweet.swift in Sources */ = {isa = PBXBuildFile; fileRef = 02E1F61323ED9CA6004DCBBE /* structTweet.swift */; };
		02E1F61623EDA022004DCBBE /* APITwitterDelegate.swift in Sources */ = {isa = PBXBuildFile; fileRef = 02E1F61523EDA022004DCBBE /* APITwitterDelegate.swift */; };
		02E1F61823EDA300004DCBBE /* APIController.swift in Sources */ = {isa = PBXBuildFile; fileRef = 02E1F61723EDA300004DCBBE /* APIController.swift */; };
/* End PBXBuildFile section */

/* Begin PBXFileReference section */
		02E1509823EEE84B00C72700 /* TweetsCellTableViewCell.swift */ = {isa = PBXFileReference; lastKnownFileType = sourcecode.swift; path = TweetsCellTableViewCell.swift; sourceTree = "<group>"; };
		02E1F5F823ED987C004DCBBE /* Tweets.app */ = {isa = PBXFileReference; explicitFileType = wrapper.application; includeInIndex = 0; path = Tweets.app; sourceTree = BUILT_PRODUCTS_DIR; };
		02E1F5FB23ED987C004DCBBE /* AppDelegate.swift */ = {isa = PBXFileReference; lastKnownFileType = sourcecode.swift; path = AppDelegate.swift; sourceTree = "<group>"; };
		02E1F5FD23ED987C004DCBBE /* SceneDelegate.swift */ = {isa = PBXFileReference; lastKnownFileType = sourcecode.swift; path = SceneDelegate.swift; sourceTree = "<group>"; };
		02E1F60223ED987C004DCBBE /* Base */ = {isa = PBXFileReference; lastKnownFileType = file.storyboard; name = Base; path = Base.lproj/Main.storyboard; sourceTree = "<group>"; };
		02E1F60423ED9882004DCBBE /* Assets.xcassets */ = {isa = PBXFileReference; lastKnownFileType = folder.assetcatalog; path = Assets.xcassets; sourceTree = "<group>"; };
		02E1F60723ED9882004DCBBE /* Base */ = {isa = PBXFileReference; lastKnownFileType = file.storyboard; name = Base; path = Base.lproj/LaunchScreen.storyboard; sourceTree = "<group>"; };
		02E1F60923ED9882004DCBBE /* Info.plist */ = {isa = PBXFileReference; lastKnownFileType = text.plist.xml; path = Info.plist; sourceTree = "<group>"; };
		02E1F60F23ED9ABC004DCBBE /* MainController.swift */ = {isa = PBXFileReference; lastKnownFileType = sourcecode.swift; path = MainController.swift; sourceTree = "<group>"; };
		02E1F61323ED9CA6004DCBBE /* structTweet.swift */ = {isa = PBXFileReference; lastKnownFileType = sourcecode.swift; path = structTweet.swift; sourceTree = "<group>"; };
		02E1F61523EDA022004DCBBE /* APITwitterDelegate.swift */ = {isa = PBXFileReference; lastKnownFileType = sourcecode.swift; path = APITwitterDelegate.swift; sourceTree = "<group>"; };
		02E1F61723EDA300004DCBBE /* APIController.swift */ = {isa = PBXFileReference; lastKnownFileType = sourcecode.swift; path = APIController.swift; sourceTree = "<group>"; };
/* End PBXFileReference section */

/* Begin PBXFrameworksBuildPhase section */
		02E1F5F523ED987C004DCBBE /* Frameworks */ = {
			isa = PBXFrameworksBuildPhase;
			buildActionMask = 2147483647;
			files = (
			);
			runOnlyForDeploymentPostprocessing = 0;
		};
/* End PBXFrameworksBuildPhase section */

/* Begin PBXGroup section */
		02E1F5EF23ED987C004DCBBE = {
			isa = PBXGroup;
			children = (
				02E1F5FA23ED987C004DCBBE /* Tweets */,
				02E1F5F923ED987C004DCBBE /* Products */,
			);
			sourceTree = "<group>";
		};
		02E1F5F923ED987C004DCBBE /* Products */ = {
			isa = PBXGroup;
			children = (
				02E1F5F823ED987C004DCBBE /* Tweets.app */,
			);
			name = Products;
			sourceTree = "<group>";
		};
		02E1F5FA23ED987C004DCBBE /* Tweets */ = {
			isa = PBXGroup;
			children = (
				02E1F5FB23ED987C004DCBBE /* AppDelegate.swift */,
				02E1F5FD23ED987C004DCBBE /* SceneDelegate.swift */,
				02E1F60123ED987C004DCBBE /* Main.storyboard */,
				02E1F60423ED9882004DCBBE /* Assets.xcassets */,
				02E1F60623ED9882004DCBBE /* LaunchScreen.storyboard */,
				02E1F60923ED9882004DCBBE /* Info.plist */,
				02E1F60F23ED9ABC004DCBBE /* MainController.swift */,
				02E1F61323ED9CA6004DCBBE /* structTweet.swift */,
				02E1F61523EDA022004DCBBE /* APITwitterDelegate.swift */,
				02E1F61723EDA300004DCBBE /* APIController.swift */,
				02E1509823EEE84B00C72700 /* TweetsCellTableViewCell.swift */,
			);
			path = Tweets;
			sourceTree = "<group>";
		};
/* End PBXGroup section */

/* Begin PBXNativeTarget section */
		02E1F5F723ED987C004DCBBE /* Tweets */ = {
			isa = PBXNativeTarget;
			buildConfigurationList = 02E1F60C23ED9882004DCBBE /* Build configuration list for PBXNativeTarget "Tweets" */;
			buildPhases = (
				02E1F5F423ED987C004DCBBE /* Sources */,
				02E1F5F523ED987C004DCBBE /* Frameworks */,
				02E1F5F623ED987C004DCBBE /* Resources */,
			);
			buildRules = (
			);
			dependencies = (
			);
			name = Tweets;
			productName = Tweets;
			productReference = 02E1F5F823ED987C004DCBBE /* Tweets.app */;
			productType = "com.apple.product-type.application";
		};
/* End PBXNativeTarget section */

/* Begin PBXProject section */
		02E1F5F023ED987C004DCBBE /* Project object */ = {
			isa = PBXProject;
			attributes = {
				LastSwiftUpdateCheck = 1130;
				LastUpgradeCheck = 1130;
				ORGANIZATIONNAME = "Tetiana BAHLAI";
				TargetAttributes = {
					02E1F5F723ED987C004DCBBE = {
						CreatedOnToolsVersion = 11.3;
					};
				};
			};
			buildConfigurationList = 02E1F5F323ED987C004DCBBE /* Build configuration list for PBXProject "Tweets" */;
			compatibilityVersion = "Xcode 9.3";
			developmentRegion = en;
			hasScannedForEncodings = 0;
			knownRegions = (
				en,
				Base,
			);
			mainGroup = 02E1F5EF23ED987C004DCBBE;
			productRefGroup = 02E1F5F923ED987C004DCBBE /* Products */;
			projectDirPath = "";
			projectRoot = "";
			targets = (
				02E1F5F723ED987C004DCBBE /* Tweets */,
			);
		};
/* End PBXProject section */

/* Begin PBXResourcesBuildPhase section */
		02E1F5F623ED987C004DCBBE /* Resources */ = {
			isa = PBXResourcesBuildPhase;
			buildActionMask = 2147483647;
			files = (
				02E1F60823ED9882004DCBBE /* LaunchScreen.storyboard in Resources */,
				02E1F60523ED9882004DCBBE /* Assets.xcassets in Resources */,
				02E1F60323ED987C004DCBBE /* Main.storyboard in Resources */,
			);
			runOnlyForDeploymentPostprocessing = 0;
		};
/* End PBXResourcesBuildPhase section */

/* Begin PBXSourcesBuildPhase section */
		02E1F5F423ED987C004DCBBE /* Sources */ = {
			isa = PBXSourcesBuildPhase;
			buildActionMask = 2147483647;
			files = (
				02E1F5FC23ED987C004DCBBE /* AppDelegate.swift in Sources */,
				02E1509923EEE84B00C72700 /* TweetsCellTableViewCell.swift in Sources */,
				02E1F61023ED9ABC004DCBBE /* MainController.swift in Sources */,
				02E1F61823EDA300004DCBBE /* APIController.swift in Sources */,
				02E1F61423ED9CA6004DCBBE /* structTweet.swift in Sources */,
				02E1F61623EDA022004DCBBE /* APITwitterDelegate.swift in Sources */,
				02E1F5FE23ED987C004DCBBE /* SceneDelegate.swift in Sources */,
			);
			runOnlyForDeploymentPostprocessing = 0;
		};
/* End PBXSourcesBuildPhase section */

/* Begin PBXVariantGroup section */
		02E1F60123ED987C004DCBBE /* Main.storyboard */ = {
			isa = PBXVariantGroup;
			children = (
				02E1F60223ED987C004DCBBE /* Base */,
			);
			name = Main.storyboard;
			sourceTree = "<group>";
		};
		02E1F60623ED9882004DCBBE /* LaunchScreen.storyboard */ = {
			isa = PBXVariantGroup;
			children = (
				02E1F60723ED9882004DCBBE /* Base */,
			);
			name = LaunchScreen.storyboard;
			sourceTree = "<group>";
		};
/* End PBXVariantGroup section */

/* Begin XCBuildConfiguration section */
		02E1F60A23ED9882004DCBBE /* Debug */ = {
			isa = XCBuildConfiguration;
			buildSettings = {
				ALWAYS_SEARCH_USER_PATHS = NO;
				CLANG_ANALYZER_NONNULL = YES;
				CLANG_ANALYZER_NUMBER_OBJECT_CONVERSION = YES_AGGRESSIVE;
				CLANG_CXX_LANGUAGE_STANDARD = "gnu++14";
				CLANG_CXX_LIBRARY = "libc++";
				CLANG_ENABLE_MODULES = YES;
				CLANG_ENABLE_OBJC_ARC = YES;
				CLANG_ENABLE_OBJC_WEAK = YES;
				CLANG_WARN_BLOCK_CAPTURE_AUTORELEASING = YES;
				CLANG_WARN_BOOL_CONVERSION = YES;
				CLANG_WARN_COMMA = YES;
				CLANG_WARN_CONSTANT_CONVERSION = YES;
				CLANG_WARN_DEPRECATED_OBJC_IMPLEMENTATIONS = YES;
				CLANG_WARN_DIRECT_OBJC_ISA_USAGE = YES_ERROR;
				CLANG_WARN_DOCUMENTATION_COMMENTS = YES;
				CLANG_WARN_EMPTY_BODY = YES;
				CLANG_WARN_ENUM_CONVERSION = YES;
				CLANG_WARN_INFINITE_RECURSION = YES;
				CLANG_WARN_INT_CONVERSION = YES;
				CLANG_WARN_NON_LITERAL_NULL_CONVERSION = YES;
				CLANG_WARN_OBJC_IMPLICIT_RETAIN_SELF = YES;
				CLANG_WARN_OBJC_LITERAL_CONVERSION = YES;
				CLANG_WARN_OBJC_ROOT_CLASS = YES_ERROR;
				CLANG_WARN_RANGE_LOOP_ANALYSIS = YES;
				CLANG_WARN_STRICT_PROTOTYPES = YES;
				CLANG_WARN_SUSPICIOUS_MOVE = YES;
				CLANG_WARN_UNGUARDED_AVAILABILITY = YES_AGGRESSIVE;
				CLANG_WARN_UNREACHABLE_CODE = YES;
				CLANG_WARN__DUPLICATE_METHOD_MATCH = YES;
				COPY_PHASE_STRIP = NO;
				DEBUG_INFORMATION_FORMAT = dwarf;
				ENABLE_STRICT_OBJC_MSGSEND = YES;
				ENABLE_TESTABILITY = YES;
				GCC_C_LANGUAGE_STANDARD = gnu11;
				GCC_DYNAMIC_NO_PIC = NO;
				GCC_NO_COMMON_BLOCKS = YES;
				GCC_OPTIMIZATION_LEVEL = 0;
				GCC_PREPROCESSOR_DEFINITIONS = (
					"DEBUG=1",
					"$(inherited)",
				);
				GCC_WARN_64_TO_32_BIT_CONVERSION = YES;
				GCC_WARN_ABOUT_RETURN_TYPE = YES_ERROR;
				GCC_WARN_UNDECLARED_SELECTOR = YES;
				GCC_WARN_UNINITIALIZED_AUTOS = YES_AGGRESSIVE;
				GCC_WARN_UNUSED_FUNCTION = YES;
				GCC_WARN_UNUSED_VARIABLE = YES;
				IPHONEOS_DEPLOYMENT_TARGET = 13.2;
				MTL_ENABLE_DEBUG_INFO = INCLUDE_SOURCE;
				MTL_FAST_MATH = YES;
				ONLY_ACTIVE_ARCH = YES;
				SDKROOT = iphoneos;
				SWIFT_ACTIVE_COMPILATION_CONDITIONS = DEBUG;
				SWIFT_OPTIMIZATION_LEVEL = "-Onone";
			};
			name = Debug;
		};
		02E1F60B23ED9882004DCBBE /* Release */ = {
			isa = XCBuildConfiguration;
			buildSettings = {
				ALWAYS_SEARCH_USER_PATHS = NO;
				CLANG_ANALYZER_NONNULL = YES;
				CLANG_ANALYZER_NUMBER_OBJECT_CONVERSION = YES_AGGRESSIVE;
				CLANG_CXX_LANGUAGE_STANDARD = "gnu++14";
				CLANG_CXX_LIBRARY = "libc++";
				CLANG_ENABLE_MODULES = YES;
				CLANG_ENABLE_OBJC_ARC = YES;
				CLANG_ENABLE_OBJC_WEAK = YES;
				CLANG_WARN_BLOCK_CAPTURE_AUTORELEASING = YES;
				CLANG_WARN_BOOL_CONVERSION = YES;
				CLANG_WARN_COMMA = YES;
				CLANG_WARN_CONSTANT_CONVERSION = YES;
				CLANG_WARN_DEPRECATED_OBJC_IMPLEMENTATIONS = YES;
				CLANG_WARN_DIRECT_OBJC_ISA_USAGE = YES_ERROR;
				CLANG_WARN_DOCUMENTATION_COMMENTS = YES;
				CLANG_WARN_EMPTY_BODY = YES;
				CLANG_WARN_ENUM_CONVERSION = YES;
				CLANG_WARN_INFINITE_RECURSION = YES;
				CLANG_WARN_INT_CONVERSION = YES;
				CLANG_WARN_NON_LITERAL_NULL_CONVERSION = YES;
				CLANG_WARN_OBJC_IMPLICIT_RETAIN_SELF = YES;
				CLANG_WARN_OBJC_LITERAL_CONVERSION = YES;
				CLANG_WARN_OBJC_ROOT_CLASS = YES_ERROR;
				CLANG_WARN_RANGE_LOOP_ANALYSIS = YES;
				CLANG_WARN_STRICT_PROTOTYPES = YES;
				CLANG_WARN_SUSPICIOUS_MOVE = YES;
				CLANG_WARN_UNGUARDED_AVAILABILITY = YES_AGGRESSIVE;
				CLANG_WARN_UNREACHABLE_CODE = YES;
				CLANG_WARN__DUPLICATE_METHOD_MATCH = YES;
				COPY_PHASE_STRIP = NO;
				DEBUG_INFORMATION_FORMAT = "dwarf-with-dsym";
				ENABLE_NS_ASSERTIONS = NO;
				ENABLE_STRICT_OBJC_MSGSEND = YES;
				GCC_C_LANGUAGE_STANDARD = gnu11;
				GCC_NO_COMMON_BLOCKS = YES;
				GCC_WARN_64_TO_32_BIT_CONVERSION = YES;
				GCC_WARN_ABOUT_RETURN_TYPE = YES_ERROR;
				GCC_WARN_UNDECLARED_SELECTOR = YES;
				GCC_WARN_UNINITIALIZED_AUTOS = YES_AGGRESSIVE;
				GCC_WARN_UNUSED_FUNCTION = YES;
				GCC_WARN_UNUSED_VARIABLE = YES;
				IPHONEOS_DEPLOYMENT_TARGET = 13.2;
				MTL_ENABLE_DEBUG_INFO = NO;
				MTL_FAST_MATH = YES;
				SDKROOT = iphoneos;
				SWIFT_COMPILATION_MODE = wholemodule;
				SWIFT_OPTIMIZATION_LEVEL = "-O";
				VALIDATE_PRODUCT = YES;
			};
			name = Release;
		};
		02E1F60D23ED9882004DCBBE /* Debug */ = {
			isa = XCBuildConfiguration;
			buildSettings = {
				ASSETCATALOG_COMPILER_APPICON_NAME = AppIcon;
				CODE_SIGN_STYLE = Automatic;
				INFOPLIST_FILE = Tweets/Info.plist;
				LD_RUNPATH_SEARCH_PATHS = (
					"$(inherited)",
					"@executable_path/Frameworks",
				);
				PRODUCT_BUNDLE_IDENTIFIER = day04.Tweets;
				PRODUCT_NAME = "$(TARGET_NAME)";
				SWIFT_VERSION = 5.0;
				TARGETED_DEVICE_FAMILY = "1,2";
			};
			name = Debug;
		};
		02E1F60E23ED9882004DCBBE /* Release */ = {
			isa = XCBuildConfiguration;
			buildSettings = {
				ASSETCATALOG_COMPILER_APPICON_NAME = AppIcon;
				CODE_SIGN_STYLE = Automatic;
				INFOPLIST_FILE = Tweets/Info.plist;
				LD_RUNPATH_SEARCH_PATHS = (
					"$(inherited)",
					"@executable_path/Frameworks",
				);
				PRODUCT_BUNDLE_IDENTIFIER = day04.Tweets;
				PRODUCT_NAME = "$(TARGET_NAME)";
				SWIFT_VERSION = 5.0;
				TARGETED_DEVICE_FAMILY = "1,2";
			};
			name = Release;
		};
/* End XCBuildConfiguration section */

/* Begin XCConfigurationList section */
		02E1F5F323ED987C004DCBBE /* Build configuration list for PBXProject "Tweets" */ = {
			isa = XCConfigurationList;
			buildConfigurations = (
				02E1F60A23ED9882004DCBBE /* Debug */,
				02E1F60B23ED9882004DCBBE /* Release */,
			);
			defaultConfigurationIsVisible = 0;
			defaultConfigurationName = Release;
		};
		02E1F60C23ED9882004DCBBE /* Build configuration list for PBXNativeTarget "Tweets" */ = {
			isa = XCConfigurationList;
			buildConfigurations = (
				02E1F60D23ED9882004DCBBE /* Debug */,
				02E1F60E23ED9882004DCBBE /* Release */,
			);
			defaultConfigurationIsVisible = 0;
			defaultConfigurationName = Release;
		};
/* End XCConfigurationList section */
	};
	rootObject = 02E1F5F023ED987C004DCBBE /* Project object */;
}
